
Microsoft Visual Studio Solution File, Format Version 12.00
# Visual Studio Version 16
VisualStudioVersion = 16.0.31205.134
MinimumVisualStudioVersion = 10.0.40219.1
Project("{FAE04EC0-301F-11D3-BF4B-00C04F79EFBC}") = "iBOSApi", "iBOSApi\iBOSApi.csproj", "{03424653-AE2D-4465-A71F-13CEE2AF7687}"
EndProject
Global
	GlobalSection(SolutionConfigurationPlatforms) = preSolution
		Debug|Any CPU = Debug|Any CPU
		Release|Any CPU = Release|Any CPU
	EndGlobalSection
	GlobalSection(ProjectConfigurationPlatforms) = postSolution
		{03424653-AE2D-4465-A71F-13CEE2AF7687}.Debug|Any CPU.ActiveCfg = Debug|Any CPU
		{03424653-AE2D-4465-A71F-13CEE2AF7687}.Debug|Any CPU.Build.0 = Debug|Any CPU
		{03424653-AE2D-4465-A71F-13CEE2AF7687}.Release|Any CPU.ActiveCfg = Release|Any CPU
		{03424653-AE2D-4465-A71F-13CEE2AF7687}.Release|Any CPU.Build.0 = Release|Any CPU
	EndGlobalSection
	GlobalSection(SolutionProperties) = preSolution
		HideSolutionNode = FALSE
	EndGlobalSection
	GlobalSection(ExtensibilityGlobals) = postSolution
		SolutionGuid = {4D5147B6-F152-48F0-B8E1-091910571631}
	EndGlobalSection
EndGlobal
